
Microsoft Visual Studio Solution File, Format Version 12.00
# Visual Studio 15
VisualStudioVersion = 15.0.28307.1062
MinimumVisualStudioVersion = 10.0.40219.1
Project("{2150E333-8FDC-42A3-9474-1A3956D46DE8}") = "1-Presentation", "1-Presentation", "{06852762-1E97-4C5F-A57D-E580C8C04AEA}"
EndProject
Project("{2150E333-8FDC-42A3-9474-1A3956D46DE8}") = "2-Services", "2-Services", "{AD95BD72-48C5-49EC-91DE-8AC9AF07A656}"
EndProject
Project("{2150E333-8FDC-42A3-9474-1A3956D46DE8}") = "3-Application", "3-Application", "{17DF3CC6-8F8C-4CC3-9EC4-F922D939FC95}"
EndProject
Project("{2150E333-8FDC-42A3-9474-1A3956D46DE8}") = "4-Domain", "4-Domain", "{95EC0DAA-0928-4DE2-A829-B8C2B106CD4C}"
EndProject
Project("{2150E333-8FDC-42A3-9474-1A3956D46DE8}") = "5-Infra", "5-Infra", "{9F4665A8-039E-480F-BAB4-2E53D8DDED04}"
EndProject
Project("{2150E333-8FDC-42A3-9474-1A3956D46DE8}") = "5.1-Data", "5.1-Data", "{5C6A94B9-7AB5-459E-89F8-407D7472452F}"
EndProject
Project("{2150E333-8FDC-42A3-9474-1A3956D46DE8}") = "5.2-CrossCutting", "5.2-CrossCutting", "{6578840C-88F0-4F21-9CDB-7FCF4D7E2F20}"
EndProject
Project("{2150E333-8FDC-42A3-9474-1A3956D46DE8}") = "6-Tests", "6-Tests", "{5ECF2D5A-D30F-40C3-BF41-578C6799439D}"
EndProject
Project("{FAE04EC0-301F-11D3-BF4B-00C04F79EFBC}") = "DR.Escolaridade.Domain", "src\DR.Escolaridade.Domain\DR.Escolaridade.Domain.csproj", "{E7FD41E0-19E0-47DC-BF1B-0FAF2A911468}"
EndProject
Project("{FAE04EC0-301F-11D3-BF4B-00C04F79EFBC}") = "DR.Escolaridade.Infra.Data", "src\DR.Escolaridade.Infra.Data\DR.Escolaridade.Infra.Data.csproj", "{1880BFBC-E57D-4A61-9685-8905BB8864FE}"
EndProject
Project("{FAE04EC0-301F-11D3-BF4B-00C04F79EFBC}") = "DR.Escolaridade.Application", "src\DR.Escolaridade.Application\DR.Escolaridade.Application.csproj", "{65A6B2F9-576F-4E84-8239-2DEC74FCA9D0}"
EndProject
Project("{FAE04EC0-301F-11D3-BF4B-00C04F79EFBC}") = "DR.Escolaridade.Web", "src\DR.Escolaridade.Web\DR.Escolaridade.Web.csproj", "{50A5CDA4-C9A7-4D4F-83A8-DA5C0BF72158}"
EndProject
Project("{FAE04EC0-301F-11D3-BF4B-00C04F79EFBC}") = "DR.Escolaridade.Infra.CrossCutting.Filters", "src\DR.Escolaridade.Infra.CrossCutting.Filters\DR.Escolaridade.Infra.CrossCutting.Filters.csproj", "{AF28145F-DBF7-408D-ABF6-04782D9EE329}"
EndProject
Global
	GlobalSection(SolutionConfigurationPlatforms) = preSolution
		Debug|Any CPU = Debug|Any CPU
		Release|Any CPU = Release|Any CPU
	EndGlobalSection
	GlobalSection(ProjectConfigurationPlatforms) = postSolution
		{E7FD41E0-19E0-47DC-BF1B-0FAF2A911468}.Debug|Any CPU.ActiveCfg = Debug|Any CPU
		{E7FD41E0-19E0-47DC-BF1B-0FAF2A911468}.Debug|Any CPU.Build.0 = Debug|Any CPU
		{E7FD41E0-19E0-47DC-BF1B-0FAF2A911468}.Release|Any CPU.ActiveCfg = Release|Any CPU
		{E7FD41E0-19E0-47DC-BF1B-0FAF2A911468}.Release|Any CPU.Build.0 = Release|Any CPU
		{1880BFBC-E57D-4A61-9685-8905BB8864FE}.Debug|Any CPU.ActiveCfg = Debug|Any CPU
		{1880BFBC-E57D-4A61-9685-8905BB8864FE}.Debug|Any CPU.Build.0 = Debug|Any CPU
		{1880BFBC-E57D-4A61-9685-8905BB8864FE}.Release|Any CPU.ActiveCfg = Release|Any CPU
		{1880BFBC-E57D-4A61-9685-8905BB8864FE}.Release|Any CPU.Build.0 = Release|Any CPU
		{65A6B2F9-576F-4E84-8239-2DEC74FCA9D0}.Debug|Any CPU.ActiveCfg = Debug|Any CPU
		{65A6B2F9-576F-4E84-8239-2DEC74FCA9D0}.Debug|Any CPU.Build.0 = Debug|Any CPU
		{65A6B2F9-576F-4E84-8239-2DEC74FCA9D0}.Release|Any CPU.ActiveCfg = Release|Any CPU
		{65A6B2F9-576F-4E84-8239-2DEC74FCA9D0}.Release|Any CPU.Build.0 = Release|Any CPU
		{50A5CDA4-C9A7-4D4F-83A8-DA5C0BF72158}.Debug|Any CPU.ActiveCfg = Debug|Any CPU
		{50A5CDA4-C9A7-4D4F-83A8-DA5C0BF72158}.Debug|Any CPU.Build.0 = Debug|Any CPU
		{50A5CDA4-C9A7-4D4F-83A8-DA5C0BF72158}.Release|Any CPU.ActiveCfg = Release|Any CPU
		{50A5CDA4-C9A7-4D4F-83A8-DA5C0BF72158}.Release|Any CPU.Build.0 = Release|Any CPU
		{AF28145F-DBF7-408D-ABF6-04782D9EE329}.Debug|Any CPU.ActiveCfg = Debug|Any CPU
		{AF28145F-DBF7-408D-ABF6-04782D9EE329}.Debug|Any CPU.Build.0 = Debug|Any CPU
		{AF28145F-DBF7-408D-ABF6-04782D9EE329}.Release|Any CPU.ActiveCfg = Release|Any CPU
		{AF28145F-DBF7-408D-ABF6-04782D9EE329}.Release|Any CPU.Build.0 = Release|Any CPU
	EndGlobalSection
	GlobalSection(SolutionProperties) = preSolution
		HideSolutionNode = FALSE
	EndGlobalSection
	GlobalSection(NestedProjects) = preSolution
		{5C6A94B9-7AB5-459E-89F8-407D7472452F} = {9F4665A8-039E-480F-BAB4-2E53D8DDED04}
		{6578840C-88F0-4F21-9CDB-7FCF4D7E2F20} = {9F4665A8-039E-480F-BAB4-2E53D8DDED04}
		{E7FD41E0-19E0-47DC-BF1B-0FAF2A911468} = {95EC0DAA-0928-4DE2-A829-B8C2B106CD4C}
		{1880BFBC-E57D-4A61-9685-8905BB8864FE} = {5C6A94B9-7AB5-459E-89F8-407D7472452F}
		{65A6B2F9-576F-4E84-8239-2DEC74FCA9D0} = {17DF3CC6-8F8C-4CC3-9EC4-F922D939FC95}
		{50A5CDA4-C9A7-4D4F-83A8-DA5C0BF72158} = {06852762-1E97-4C5F-A57D-E580C8C04AEA}
		{AF28145F-DBF7-408D-ABF6-04782D9EE329} = {6578840C-88F0-4F21-9CDB-7FCF4D7E2F20}
	EndGlobalSection
	GlobalSection(ExtensibilityGlobals) = postSolution
		SolutionGuid = {1FC45C10-5BC0-4699-BB73-2F624F2DD742}
	EndGlobalSection
EndGlobal
